
Microsoft Visual Studio Solution File, Format Version 12.00
# Visual Studio Version 16
VisualStudioVersion = 16.0.31729.503
MinimumVisualStudioVersion = 10.0.40219.1
Project("{8BC9CEB8-8B4A-11D0-8D11-00A0C91BC942}") = "SobelFilter", "SobelFilter_vs2019.vcxproj", "{8B434DE8-707B-470B-B2E6-E2CDD5AB56A6}"
EndProject
Global
	GlobalSection(SolutionConfigurationPlatforms) = preSolution
		Debug|x64 = Debug|x64
		Release|x64 = Release|x64
	EndGlobalSection
	GlobalSection(ProjectConfigurationPlatforms) = postSolution
		{8B434DE8-707B-470B-B2E6-E2CDD5AB56A6}.Debug|x64.ActiveCfg = Debug|x64
		{8B434DE8-707B-470B-B2E6-E2CDD5AB56A6}.Debug|x64.Build.0 = Debug|x64
		{8B434DE8-707B-470B-B2E6-E2CDD5AB56A6}.Release|x64.ActiveCfg = Release|x64
		{8B434DE8-707B-470B-B2E6-E2CDD5AB56A6}.Release|x64.Build.0 = Release|x64
	EndGlobalSection
	GlobalSection(SolutionProperties) = preSolution
		HideSolutionNode = FALSE
	EndGlobalSection
	GlobalSection(ExtensibilityGlobals) = postSolution
		SolutionGuid = {ED6B7B4F-43A3-456C-A935-16807B22625C}
	EndGlobalSection
EndGlobal
